
Microsoft Visual Studio Solution File, Format Version 12.00
# Visual Studio Version 16
VisualStudioVersion = 16.0.31729.503
MinimumVisualStudioVersion = 10.0.40219.1
Project("{9A19103F-16F7-4668-BE54-9A1E7A4F7556}") = "Reaqtor.Shebang.App", "Reaqtor.Shebang.App\Reaqtor.Shebang.App.csproj", "{F6998A7C-4298-4FD1-994F-C8398FF0E396}"
EndProject
Project("{9A19103F-16F7-4668-BE54-9A1E7A4F7556}") = "Reaqtor.Shebang.Client", "Reaqtor.Shebang.Client\Reaqtor.Shebang.Client.csproj", "{61FA63B4-8F19-43E2-B2E7-B08C325AFBD6}"
EndProject
Project("{9A19103F-16F7-4668-BE54-9A1E7A4F7556}") = "Reaqtor.Shebang.Service", "Reaqtor.Shebang.Service\Reaqtor.Shebang.Service.csproj", "{708919F9-7E59-4EA2-8923-A231559FEFB3}"
EndProject
Global
	GlobalSection(SolutionConfigurationPlatforms) = preSolution
		Debug|Any CPU = Debug|Any CPU
		Release|Any CPU = Release|Any CPU
	EndGlobalSection
	GlobalSection(ProjectConfigurationPlatforms) = postSolution
		{F6998A7C-4298-4FD1-994F-C8398FF0E396}.Debug|Any CPU.ActiveCfg = Debug|Any CPU
		{F6998A7C-4298-4FD1-994F-C8398FF0E396}.Debug|Any CPU.Build.0 = Debug|Any CPU
		{F6998A7C-4298-4FD1-994F-C8398FF0E396}.Release|Any CPU.ActiveCfg = Release|Any CPU
		{F6998A7C-4298-4FD1-994F-C8398FF0E396}.Release|Any CPU.Build.0 = Release|Any CPU
		{61FA63B4-8F19-43E2-B2E7-B08C325AFBD6}.Debug|Any CPU.ActiveCfg = Debug|Any CPU
		{61FA63B4-8F19-43E2-B2E7-B08C325AFBD6}.Debug|Any CPU.Build.0 = Debug|Any CPU
		{61FA63B4-8F19-43E2-B2E7-B08C325AFBD6}.Release|Any CPU.ActiveCfg = Release|Any CPU
		{61FA63B4-8F19-43E2-B2E7-B08C325AFBD6}.Release|Any CPU.Build.0 = Release|Any CPU
		{708919F9-7E59-4EA2-8923-A231559FEFB3}.Debug|Any CPU.ActiveCfg = Debug|Any CPU
		{708919F9-7E59-4EA2-8923-A231559FEFB3}.Debug|Any CPU.Build.0 = Debug|Any CPU
		{708919F9-7E59-4EA2-8923-A231559FEFB3}.Release|Any CPU.ActiveCfg = Release|Any CPU
		{708919F9-7E59-4EA2-8923-A231559FEFB3}.Release|Any CPU.Build.0 = Release|Any CPU
	EndGlobalSection
	GlobalSection(SolutionProperties) = preSolution
		HideSolutionNode = FALSE
	EndGlobalSection
	GlobalSection(ExtensibilityGlobals) = postSolution
		SolutionGuid = {EAE4B3CB-7292-4070-8A85-4C03F8E80921}
	EndGlobalSection
EndGlobal
